version = 1
revision = 3
requires-python = ">=3.11"

[[package]]
name = "pypdf"
version = "6.4.1"
source = { registry = "https://pypi.org/simple" }
sdist = { url = "https://files.pythonhosted.org/packages/0c/e0/57f914ae9fedbc91fe3ebe74b78c88903943ec9c232b6da15947bb3bf8ab/pypdf-6.4.1.tar.gz", hash = "sha256:36eb0b52730fc3077d2b8d4122751e696d46af9ef9e5383db492df1ab0cc4647", size = 5275322, upload-time = "2025-12-07T14:19:27.922Z" }
wheels = [
    { url = "https://files.pythonhosted.org/packages/db/ef/68c0f473d8b8764b23f199450dfa035e6f2206e67e9bde5dd695bab9bdf0/pypdf-6.4.1-py3-none-any.whl", hash = "sha256:1782ee0766f0b77defc305f1eb2bafe738a2ef6313f3f3d2ee85b4542ba7e535", size = 328325, upload-time = "2025-12-07T14:19:26.286Z" },
]

[[package]]
name = "winsc1ence-site-tools"
version = "0.1.0"
source = { virtual = "." }
dependencies = [
    { name = "pypdf" },
]

[package.metadata]
requires-dist = [{ name = "pypdf", specifier = ">=5.1.0" }]
